{
  "requires": true,
  "lockfileVersion": 1,
  "dependencies": {
    "vee-validate": {
      "version": "2.1.5",
      "resolved": "https://registry.npmjs.org/vee-validate/-/vee-validate-2.1.5.tgz",
      "integrity": "sha512-ygo3uQZrCZjFQcZ/AcFI5UZ3ouaNxtsrs+3o/u4yd3TeZveMwYBI3v6+uKbk2aHmNV6jXLl/aj5BTZTYaf73Lw=="
    }
  }
}
